// !$*UTF8*$!
{
	archiveVersion = 1;
	classes = {
	};
	objectVersion = 46;
	objects = {

/* Begin PBXBuildFile section */
		200979CA1D67E100001C20DF /* AppDelegate.swift in Sources */ = {isa = PBXBuildFile; fileRef = 200979C91D67E100001C20DF /* AppDelegate.swift */; };
		200979CC1D67E100001C20DF /* SearchViewController.swift in Sources */ = {isa = PBXBuildFile; fileRef = 200979CB1D67E100001C20DF /* SearchViewController.swift */; };
		200979D11D67E100001C20DF /* Assets.xcassets in Resources */ = {isa = PBXBuildFile; fileRef = 200979D01D67E100001C20DF /* Assets.xcassets */; };
		200979D41D67E100001C20DF /* LaunchScreen.storyboard in Resources */ = {isa = PBXBuildFile; fileRef = 200979D21D67E100001C20DF /* LaunchScreen.storyboard */; };
		20D5D4371D67E52F00AA4452 /* YelpClient.swift in Sources */ = {isa = PBXBuildFile; fileRef = 20D5D4361D67E52F00AA4452 /* YelpClient.swift */; };
		20D5D4391D67E5FB00AA4452 /* Error.swift in Sources */ = {isa = PBXBuildFile; fileRef = 20D5D4381D67E5FB00AA4452 /* Error.swift */; };
		20D5D43B1D67E68E00AA4452 /* Config.swift in Sources */ = {isa = PBXBuildFile; fileRef = 20D5D43A1D67E68E00AA4452 /* Config.swift */; };
		20D5D4441D6B87A400AA4452 /* YelpAuthManager.swift in Sources */ = {isa = PBXBuildFile; fileRef = 20D5D4431D6B87A400AA4452 /* YelpAuthManager.swift */; };
		20D5D4471D6D70E600AA4452 /* NSDate.swift in Sources */ = {isa = PBXBuildFile; fileRef = 20D5D4461D6D70E600AA4452 /* NSDate.swift */; };
		20D5D4491D6E08A600AA4452 /* SMLocationManager.swift in Sources */ = {isa = PBXBuildFile; fileRef = 20D5D4481D6E08A600AA4452 /* SMLocationManager.swift */; };
		20ED56DB1D7771B90083C408 /* SMLocation.swift in Sources */ = {isa = PBXBuildFile; fileRef = 20ED56DA1D7771B90083C408 /* SMLocation.swift */; };
		20ED56DD1D7772290083C408 /* SMAddress.swift in Sources */ = {isa = PBXBuildFile; fileRef = 20ED56DC1D7772290083C408 /* SMAddress.swift */; };
		20ED56DF1D77729C0083C408 /* SMPrice.swift in Sources */ = {isa = PBXBuildFile; fileRef = 20ED56DE1D77729C0083C408 /* SMPrice.swift */; };
		20ED56E11D7772D60083C408 /* SMRating.swift in Sources */ = {isa = PBXBuildFile; fileRef = 20ED56E01D7772D60083C408 /* SMRating.swift */; };
		20ED56E31D7773670083C408 /* SMCategories.swift in Sources */ = {isa = PBXBuildFile; fileRef = 20ED56E21D7773670083C408 /* SMCategories.swift */; };
		20ED56E51D7775CD0083C408 /* SMHours.swift in Sources */ = {isa = PBXBuildFile; fileRef = 20ED56E41D7775CD0083C408 /* SMHours.swift */; };
		20ED56E71D7777410083C408 /* YelpLocationParser.swift in Sources */ = {isa = PBXBuildFile; fileRef = 20ED56E61D7777410083C408 /* YelpLocationParser.swift */; };
		20ED56E91D7785870083C408 /* ResultsViewController.swift in Sources */ = {isa = PBXBuildFile; fileRef = 20ED56E81D7785870083C408 /* ResultsViewController.swift */; };
		20ED56EB1D7787DF0083C408 /* MapViewController.swift in Sources */ = {isa = PBXBuildFile; fileRef = 20ED56EA1D7787DF0083C408 /* MapViewController.swift */; };
		20ED56ED1D778A5D0083C408 /* Array.swift in Sources */ = {isa = PBXBuildFile; fileRef = 20ED56EC1D778A5D0083C408 /* Array.swift */; };
		20ED56EF1D7800490083C408 /* SMSearchOptions.swift in Sources */ = {isa = PBXBuildFile; fileRef = 20ED56EE1D7800490083C408 /* SMSearchOptions.swift */; };
		C165F5E23584CC635E011257 /* Pods_SurpriseMe.framework in Frameworks */ = {isa = PBXBuildFile; fileRef = A904A362EB3171D5F8A33CF9 /* Pods_SurpriseMe.framework */; };
/* End PBXBuildFile section */

/* Begin PBXFileReference section */
		026B894B7C712928A5092CEE /* Pods-SurpriseMe.release.xcconfig */ = {isa = PBXFileReference; includeInIndex = 1; lastKnownFileType = text.xcconfig; name = "Pods-SurpriseMe.release.xcconfig"; path = "Pods/Target Support Files/Pods-SurpriseMe/Pods-SurpriseMe.release.xcconfig"; sourceTree = "<group>"; };
		200979C61D67E100001C20DF /* SurpriseMe.app */ = {isa = PBXFileReference; explicitFileType = wrapper.application; includeInIndex = 0; path = SurpriseMe.app; sourceTree = BUILT_PRODUCTS_DIR; };
		200979C91D67E100001C20DF /* AppDelegate.swift */ = {isa = PBXFileReference; lastKnownFileType = sourcecode.swift; path = AppDelegate.swift; sourceTree = "<group>"; };
		200979CB1D67E100001C20DF /* SearchViewController.swift */ = {isa = PBXFileReference; lastKnownFileType = sourcecode.swift; path = SearchViewController.swift; sourceTree = "<group>"; };
		200979D01D67E100001C20DF /* Assets.xcassets */ = {isa = PBXFileReference; lastKnownFileType = folder.assetcatalog; path = Assets.xcassets; sourceTree = "<group>"; };
		200979D31D67E100001C20DF /* Base */ = {isa = PBXFileReference; lastKnownFileType = file.storyboard; name = Base; path = Base.lproj/LaunchScreen.storyboard; sourceTree = "<group>"; };
		200979D51D67E100001C20DF /* Info.plist */ = {isa = PBXFileReference; lastKnownFileType = text.plist.xml; path = Info.plist; sourceTree = "<group>"; };
		20D5D4361D67E52F00AA4452 /* YelpClient.swift */ = {isa = PBXFileReference; fileEncoding = 4; lastKnownFileType = sourcecode.swift; path = YelpClient.swift; sourceTree = "<group>"; };
		20D5D4381D67E5FB00AA4452 /* Error.swift */ = {isa = PBXFileReference; fileEncoding = 4; lastKnownFileType = sourcecode.swift; path = Error.swift; sourceTree = "<group>"; };
		20D5D43A1D67E68E00AA4452 /* Config.swift */ = {isa = PBXFileReference; fileEncoding = 4; lastKnownFileType = sourcecode.swift; path = Config.swift; sourceTree = "<group>"; };
		20D5D4431D6B87A400AA4452 /* YelpAuthManager.swift */ = {isa = PBXFileReference; fileEncoding = 4; lastKnownFileType = sourcecode.swift; path = YelpAuthManager.swift; sourceTree = "<group>"; };
		20D5D4461D6D70E600AA4452 /* NSDate.swift */ = {isa = PBXFileReference; fileEncoding = 4; lastKnownFileType = sourcecode.swift; path = NSDate.swift; sourceTree = "<group>"; };
		20D5D4481D6E08A600AA4452 /* SMLocationManager.swift */ = {isa = PBXFileReference; fileEncoding = 4; lastKnownFileType = sourcecode.swift; path = SMLocationManager.swift; sourceTree = "<group>"; };
		20ED56DA1D7771B90083C408 /* SMLocation.swift */ = {isa = PBXFileReference; fileEncoding = 4; lastKnownFileType = sourcecode.swift; path = SMLocation.swift; sourceTree = "<group>"; };
		20ED56DC1D7772290083C408 /* SMAddress.swift */ = {isa = PBXFileReference; fileEncoding = 4; lastKnownFileType = sourcecode.swift; path = SMAddress.swift; sourceTree = "<group>"; };
		20ED56DE1D77729C0083C408 /* SMPrice.swift */ = {isa = PBXFileReference; fileEncoding = 4; lastKnownFileType = sourcecode.swift; path = SMPrice.swift; sourceTree = "<group>"; };
		20ED56E01D7772D60083C408 /* SMRating.swift */ = {isa = PBXFileReference; fileEncoding = 4; lastKnownFileType = sourcecode.swift; path = SMRating.swift; sourceTree = "<group>"; };
		20ED56E21D7773670083C408 /* SMCategories.swift */ = {isa = PBXFileReference; fileEncoding = 4; lastKnownFileType = sourcecode.swift; path = SMCategories.swift; sourceTree = "<group>"; };
		20ED56E41D7775CD0083C408 /* SMHours.swift */ = {isa = PBXFileReference; fileEncoding = 4; lastKnownFileType = sourcecode.swift; path = SMHours.swift; sourceTree = "<group>"; };
		20ED56E61D7777410083C408 /* YelpLocationParser.swift */ = {isa = PBXFileReference; fileEncoding = 4; lastKnownFileType = sourcecode.swift; path = YelpLocationParser.swift; sourceTree = "<group>"; };
		20ED56E81D7785870083C408 /* ResultsViewController.swift */ = {isa = PBXFileReference; fileEncoding = 4; lastKnownFileType = sourcecode.swift; path = ResultsViewController.swift; sourceTree = "<group>"; };
		20ED56EA1D7787DF0083C408 /* MapViewController.swift */ = {isa = PBXFileReference; fileEncoding = 4; lastKnownFileType = sourcecode.swift; path = MapViewController.swift; sourceTree = "<group>"; };
		20ED56EC1D778A5D0083C408 /* Array.swift */ = {isa = PBXFileReference; fileEncoding = 4; lastKnownFileType = sourcecode.swift; path = Array.swift; sourceTree = "<group>"; };
		20ED56EE1D7800490083C408 /* SMSearchOptions.swift */ = {isa = PBXFileReference; fileEncoding = 4; lastKnownFileType = sourcecode.swift; path = SMSearchOptions.swift; sourceTree = "<group>"; };
		5AAFEF8F4AFB2D3E998580B5 /* Pods-SurpriseMe.debug.xcconfig */ = {isa = PBXFileReference; includeInIndex = 1; lastKnownFileType = text.xcconfig; name = "Pods-SurpriseMe.debug.xcconfig"; path = "Pods/Target Support Files/Pods-SurpriseMe/Pods-SurpriseMe.debug.xcconfig"; sourceTree = "<group>"; };
		A904A362EB3171D5F8A33CF9 /* Pods_SurpriseMe.framework */ = {isa = PBXFileReference; explicitFileType = wrapper.framework; includeInIndex = 0; path = Pods_SurpriseMe.framework; sourceTree = BUILT_PRODUCTS_DIR; };
/* End PBXFileReference section */

/* Begin PBXFrameworksBuildPhase section */
		200979C31D67E100001C20DF /* Frameworks */ = {
			isa = PBXFrameworksBuildPhase;
			buildActionMask = 2147483647;
			files = (
				C165F5E23584CC635E011257 /* Pods_SurpriseMe.framework in Frameworks */,
			);
			runOnlyForDeploymentPostprocessing = 0;
		};
/* End PBXFrameworksBuildPhase section */

/* Begin PBXGroup section */
		200979BD1D67E100001C20DF = {
			isa = PBXGroup;
			children = (
				200979C81D67E100001C20DF /* SurpriseMe */,
				200979C71D67E100001C20DF /* Products */,
				4CE4E70BAD50BF602A142DFD /* Pods */,
				8CCB2D11F74C525F4F185C42 /* Frameworks */,
			);
			sourceTree = "<group>";
		};
		200979C71D67E100001C20DF /* Products */ = {
			isa = PBXGroup;
			children = (
				200979C61D67E100001C20DF /* SurpriseMe.app */,
			);
			name = Products;
			sourceTree = "<group>";
		};
		200979C81D67E100001C20DF /* SurpriseMe */ = {
			isa = PBXGroup;
			children = (
				20ED56D91D77719F0083C408 /* Models */,
				20D5D4451D6D70D500AA4452 /* Extensions */,
				20D5D4351D67E50C00AA4452 /* Utilities */,
				20D5D4341D67E4ED00AA4452 /* Resources */,
				20D5D4331D67E4E400AA4452 /* ViewControllers */,
				200979C91D67E100001C20DF /* AppDelegate.swift */,
			);
			path = SurpriseMe;
			sourceTree = "<group>";
		};
		20D5D4331D67E4E400AA4452 /* ViewControllers */ = {
			isa = PBXGroup;
			children = (
				200979CB1D67E100001C20DF /* SearchViewController.swift */,
				20ED56E81D7785870083C408 /* ResultsViewController.swift */,
				20ED56EA1D7787DF0083C408 /* MapViewController.swift */,
			);
			name = ViewControllers;
			sourceTree = "<group>";
		};
		20D5D4341D67E4ED00AA4452 /* Resources */ = {
			isa = PBXGroup;
			children = (
				200979D51D67E100001C20DF /* Info.plist */,
				200979D01D67E100001C20DF /* Assets.xcassets */,
				200979D21D67E100001C20DF /* LaunchScreen.storyboard */,
			);
			name = Resources;
			sourceTree = "<group>";
		};
		20D5D4351D67E50C00AA4452 /* Utilities */ = {
			isa = PBXGroup;
			children = (
				20D5D4361D67E52F00AA4452 /* YelpClient.swift */,
				20D5D4431D6B87A400AA4452 /* YelpAuthManager.swift */,
				20D5D43A1D67E68E00AA4452 /* Config.swift */,
				20D5D4381D67E5FB00AA4452 /* Error.swift */,
				20D5D4481D6E08A600AA4452 /* SMLocationManager.swift */,
				20ED56E61D7777410083C408 /* YelpLocationParser.swift */,
			);
			name = Utilities;
			sourceTree = "<group>";
		};
		20D5D4451D6D70D500AA4452 /* Extensions */ = {
			isa = PBXGroup;
			children = (
				20D5D4461D6D70E600AA4452 /* NSDate.swift */,
				20ED56EC1D778A5D0083C408 /* Array.swift */,
			);
			name = Extensions;
			sourceTree = "<group>";
		};
		20ED56D91D77719F0083C408 /* Models */ = {
			isa = PBXGroup;
			children = (
				20ED56DA1D7771B90083C408 /* SMLocation.swift */,
				20ED56E21D7773670083C408 /* SMCategories.swift */,
				20ED56E01D7772D60083C408 /* SMRating.swift */,
				20ED56DC1D7772290083C408 /* SMAddress.swift */,
				20ED56DE1D77729C0083C408 /* SMPrice.swift */,
				20ED56E41D7775CD0083C408 /* SMHours.swift */,
				20ED56EE1D7800490083C408 /* SMSearchOptions.swift */,
			);
			name = Models;
			sourceTree = "<group>";
		};
		4CE4E70BAD50BF602A142DFD /* Pods */ = {
			isa = PBXGroup;
			children = (
				5AAFEF8F4AFB2D3E998580B5 /* Pods-SurpriseMe.debug.xcconfig */,
				026B894B7C712928A5092CEE /* Pods-SurpriseMe.release.xcconfig */,
			);
			name = Pods;
			sourceTree = "<group>";
		};
		8CCB2D11F74C525F4F185C42 /* Frameworks */ = {
			isa = PBXGroup;
			children = (
				A904A362EB3171D5F8A33CF9 /* Pods_SurpriseMe.framework */,
			);
			name = Frameworks;
			sourceTree = "<group>";
		};
/* End PBXGroup section */

/* Begin PBXNativeTarget section */
		200979C51D67E100001C20DF /* SurpriseMe */ = {
			isa = PBXNativeTarget;
			buildConfigurationList = 200979D81D67E100001C20DF /* Build configuration list for PBXNativeTarget "SurpriseMe" */;
			buildPhases = (
				BF4D1C62849C9CDB120CF67F /* 📦 Check Pods Manifest.lock */,
				200979C21D67E100001C20DF /* Sources */,
				200979C31D67E100001C20DF /* Frameworks */,
				200979C41D67E100001C20DF /* Resources */,
				53B6BA74CF7F3907A34E0621 /* 📦 Embed Pods Frameworks */,
				D8D3427680599D055255D790 /* 📦 Copy Pods Resources */,
			);
			buildRules = (
			);
			dependencies = (
			);
			name = SurpriseMe;
			productName = SurpriseMe;
			productReference = 200979C61D67E100001C20DF /* SurpriseMe.app */;
			productType = "com.apple.product-type.application";
		};
/* End PBXNativeTarget section */

/* Begin PBXProject section */
		200979BE1D67E100001C20DF /* Project object */ = {
			isa = PBXProject;
			attributes = {
				LastSwiftUpdateCheck = 0730;
				LastUpgradeCheck = 0730;
				ORGANIZATIONNAME = "Evan Grossman";
				TargetAttributes = {
					200979C51D67E100001C20DF = {
						CreatedOnToolsVersion = 7.3.1;
					};
				};
			};
			buildConfigurationList = 200979C11D67E100001C20DF /* Build configuration list for PBXProject "SurpriseMe" */;
			compatibilityVersion = "Xcode 3.2";
			developmentRegion = English;
			hasScannedForEncodings = 0;
			knownRegions = (
				en,
				Base,
			);
			mainGroup = 200979BD1D67E100001C20DF;
			productRefGroup = 200979C71D67E100001C20DF /* Products */;
			projectDirPath = "";
			projectRoot = "";
			targets = (
				200979C51D67E100001C20DF /* SurpriseMe */,
			);
		};
/* End PBXProject section */

/* Begin PBXResourcesBuildPhase section */
		200979C41D67E100001C20DF /* Resources */ = {
			isa = PBXResourcesBuildPhase;
			buildActionMask = 2147483647;
			files = (
				200979D41D67E100001C20DF /* LaunchScreen.storyboard in Resources */,
				200979D11D67E100001C20DF /* Assets.xcassets in Resources */,
			);
			runOnlyForDeploymentPostprocessing = 0;
		};
/* End PBXResourcesBuildPhase section */

/* Begin PBXShellScriptBuildPhase section */
		53B6BA74CF7F3907A34E0621 /* 📦 Embed Pods Frameworks */ = {
			isa = PBXShellScriptBuildPhase;
			buildActionMask = 2147483647;
			files = (
			);
			inputPaths = (
			);
			name = "📦 Embed Pods Frameworks";
			outputPaths = (
			);
			runOnlyForDeploymentPostprocessing = 0;
			shellPath = /bin/sh;
			shellScript = "\"${SRCROOT}/Pods/Target Support Files/Pods-SurpriseMe/Pods-SurpriseMe-frameworks.sh\"\n";
			showEnvVarsInLog = 0;
		};
		BF4D1C62849C9CDB120CF67F /* 📦 Check Pods Manifest.lock */ = {
			isa = PBXShellScriptBuildPhase;
			buildActionMask = 2147483647;
			files = (
			);
			inputPaths = (
			);
			name = "📦 Check Pods Manifest.lock";
			outputPaths = (
			);
			runOnlyForDeploymentPostprocessing = 0;
			shellPath = /bin/sh;
			shellScript = "diff \"${PODS_ROOT}/../Podfile.lock\" \"${PODS_ROOT}/Manifest.lock\" > /dev/null\nif [[ $? != 0 ]] ; then\n    cat << EOM\nerror: The sandbox is not in sync with the Podfile.lock. Run 'pod install' or update your CocoaPods installation.\nEOM\n    exit 1\nfi\n";
			showEnvVarsInLog = 0;
		};
		D8D3427680599D055255D790 /* 📦 Copy Pods Resources */ = {
			isa = PBXShellScriptBuildPhase;
			buildActionMask = 2147483647;
			files = (
			);
			inputPaths = (
			);
			name = "📦 Copy Pods Resources";
			outputPaths = (
			);
			runOnlyForDeploymentPostprocessing = 0;
			shellPath = /bin/sh;
			shellScript = "\"${SRCROOT}/Pods/Target Support Files/Pods-SurpriseMe/Pods-SurpriseMe-resources.sh\"\n";
			showEnvVarsInLog = 0;
		};
/* End PBXShellScriptBuildPhase section */

/* Begin PBXSourcesBuildPhase section */
		200979C21D67E100001C20DF /* Sources */ = {
			isa = PBXSourcesBuildPhase;
			buildActionMask = 2147483647;
			files = (
				20D5D43B1D67E68E00AA4452 /* Config.swift in Sources */,
				20ED56DF1D77729C0083C408 /* SMPrice.swift in Sources */,
				20D5D4441D6B87A400AA4452 /* YelpAuthManager.swift in Sources */,
				20D5D4371D67E52F00AA4452 /* YelpClient.swift in Sources */,
				20ED56E71D7777410083C408 /* YelpLocationParser.swift in Sources */,
				200979CC1D67E100001C20DF /* SearchViewController.swift in Sources */,
				20ED56DD1D7772290083C408 /* SMAddress.swift in Sources */,
				20ED56E91D7785870083C408 /* ResultsViewController.swift in Sources */,
				20D5D4471D6D70E600AA4452 /* NSDate.swift in Sources */,
				20ED56ED1D778A5D0083C408 /* Array.swift in Sources */,
				200979CA1D67E100001C20DF /* AppDelegate.swift in Sources */,
				20ED56DB1D7771B90083C408 /* SMLocation.swift in Sources */,
				20ED56EF1D7800490083C408 /* SMSearchOptions.swift in Sources */,
				20ED56E51D7775CD0083C408 /* SMHours.swift in Sources */,
				20ED56E31D7773670083C408 /* SMCategories.swift in Sources */,
				20D5D4491D6E08A600AA4452 /* SMLocationManager.swift in Sources */,
				20ED56E11D7772D60083C408 /* SMRating.swift in Sources */,
				20D5D4391D67E5FB00AA4452 /* Error.swift in Sources */,
				20ED56EB1D7787DF0083C408 /* MapViewController.swift in Sources */,
			);
			runOnlyForDeploymentPostprocessing = 0;
		};
/* End PBXSourcesBuildPhase section */

/* Begin PBXVariantGroup section */
		200979D21D67E100001C20DF /* LaunchScreen.storyboard */ = {
			isa = PBXVariantGroup;
			children = (
				200979D31D67E100001C20DF /* Base */,
			);
			name = LaunchScreen.storyboard;
			sourceTree = "<group>";
		};
/* End PBXVariantGroup section */

/* Begin XCBuildConfiguration section */
		200979D61D67E100001C20DF /* Debug */ = {
			isa = XCBuildConfiguration;
			buildSettings = {
				ALWAYS_SEARCH_USER_PATHS = NO;
				CLANG_ANALYZER_NONNULL = YES;
				CLANG_CXX_LANGUAGE_STANDARD = "gnu++0x";
				CLANG_CXX_LIBRARY = "libc++";
				CLANG_ENABLE_MODULES = YES;
				CLANG_ENABLE_OBJC_ARC = YES;
				CLANG_WARN_BOOL_CONVERSION = YES;
				CLANG_WARN_CONSTANT_CONVERSION = YES;
				CLANG_WARN_DIRECT_OBJC_ISA_USAGE = YES_ERROR;
				CLANG_WARN_EMPTY_BODY = YES;
				CLANG_WARN_ENUM_CONVERSION = YES;
				CLANG_WARN_INT_CONVERSION = YES;
				CLANG_WARN_OBJC_ROOT_CLASS = YES_ERROR;
				CLANG_WARN_UNREACHABLE_CODE = YES;
				CLANG_WARN__DUPLICATE_METHOD_MATCH = YES;
				"CODE_SIGN_IDENTITY[sdk=iphoneos*]" = "iPhone Developer";
				COPY_PHASE_STRIP = NO;
				DEBUG_INFORMATION_FORMAT = dwarf;
				ENABLE_STRICT_OBJC_MSGSEND = YES;
				ENABLE_TESTABILITY = YES;
				GCC_C_LANGUAGE_STANDARD = gnu99;
				GCC_DYNAMIC_NO_PIC = NO;
				GCC_NO_COMMON_BLOCKS = YES;
				GCC_OPTIMIZATION_LEVEL = 0;
				GCC_PREPROCESSOR_DEFINITIONS = (
					"DEBUG=1",
					"$(inherited)",
				);
				GCC_WARN_64_TO_32_BIT_CONVERSION = YES;
				GCC_WARN_ABOUT_RETURN_TYPE = YES_ERROR;
				GCC_WARN_UNDECLARED_SELECTOR = YES;
				GCC_WARN_UNINITIALIZED_AUTOS = YES_AGGRESSIVE;
				GCC_WARN_UNUSED_FUNCTION = YES;
				GCC_WARN_UNUSED_VARIABLE = YES;
				IPHONEOS_DEPLOYMENT_TARGET = 9.3;
				MTL_ENABLE_DEBUG_INFO = YES;
				ONLY_ACTIVE_ARCH = YES;
				SDKROOT = iphoneos;
				SWIFT_OPTIMIZATION_LEVEL = "-Onone";
				TARGETED_DEVICE_FAMILY = "1,2";
			};
			name = Debug;
		};
		200979D71D67E100001C20DF /* Release */ = {
			isa = XCBuildConfiguration;
			buildSettings = {
				ALWAYS_SEARCH_USER_PATHS = NO;
				CLANG_ANALYZER_NONNULL = YES;
				CLANG_CXX_LANGUAGE_STANDARD = "gnu++0x";
				CLANG_CXX_LIBRARY = "libc++";
				CLANG_ENABLE_MODULES = YES;
				CLANG_ENABLE_OBJC_ARC = YES;
				CLANG_WARN_BOOL_CONVERSION = YES;
				CLANG_WARN_CONSTANT_CONVERSION = YES;
				CLANG_WARN_DIRECT_OBJC_ISA_USAGE = YES_ERROR;
				CLANG_WARN_EMPTY_BODY = YES;
				CLANG_WARN_ENUM_CONVERSION = YES;
				CLANG_WARN_INT_CONVERSION = YES;
				CLANG_WARN_OBJC_ROOT_CLASS = YES_ERROR;
				CLANG_WARN_UNREACHABLE_CODE = YES;
				CLANG_WARN__DUPLICATE_METHOD_MATCH = YES;
				"CODE_SIGN_IDENTITY[sdk=iphoneos*]" = "iPhone Developer";
				COPY_PHASE_STRIP = NO;
				DEBUG_INFORMATION_FORMAT = "dwarf-with-dsym";
				ENABLE_NS_ASSERTIONS = NO;
				ENABLE_STRICT_OBJC_MSGSEND = YES;
				GCC_C_LANGUAGE_STANDARD = gnu99;
				GCC_NO_COMMON_BLOCKS = YES;
				GCC_WARN_64_TO_32_BIT_CONVERSION = YES;
				GCC_WARN_ABOUT_RETURN_TYPE = YES_ERROR;
				GCC_WARN_UNDECLARED_SELECTOR = YES;
				GCC_WARN_UNINITIALIZED_AUTOS = YES_AGGRESSIVE;
				GCC_WARN_UNUSED_FUNCTION = YES;
				GCC_WARN_UNUSED_VARIABLE = YES;
				IPHONEOS_DEPLOYMENT_TARGET = 9.3;
				MTL_ENABLE_DEBUG_INFO = NO;
				SDKROOT = iphoneos;
				TARGETED_DEVICE_FAMILY = "1,2";
				VALIDATE_PRODUCT = YES;
			};
			name = Release;
		};
		200979D91D67E100001C20DF /* Debug */ = {
			isa = XCBuildConfiguration;
			baseConfigurationReference = 5AAFEF8F4AFB2D3E998580B5 /* Pods-SurpriseMe.debug.xcconfig */;
			buildSettings = {
				ASSETCATALOG_COMPILER_APPICON_NAME = AppIcon;
				INFOPLIST_FILE = SurpriseMe/Info.plist;
				LD_RUNPATH_SEARCH_PATHS = "$(inherited) @executable_path/Frameworks";
				PRODUCT_BUNDLE_IDENTIFIER = com.eagdev.SurpriseMe;
				PRODUCT_NAME = "$(TARGET_NAME)";
			};
			name = Debug;
		};
		200979DA1D67E100001C20DF /* Release */ = {
			isa = XCBuildConfiguration;
			baseConfigurationReference = 026B894B7C712928A5092CEE /* Pods-SurpriseMe.release.xcconfig */;
			buildSettings = {
				ASSETCATALOG_COMPILER_APPICON_NAME = AppIcon;
				INFOPLIST_FILE = SurpriseMe/Info.plist;
				LD_RUNPATH_SEARCH_PATHS = "$(inherited) @executable_path/Frameworks";
				PRODUCT_BUNDLE_IDENTIFIER = com.eagdev.SurpriseMe;
				PRODUCT_NAME = "$(TARGET_NAME)";
			};
			name = Release;
		};
/* End XCBuildConfiguration section */

/* Begin XCConfigurationList section */
		200979C11D67E100001C20DF /* Build configuration list for PBXProject "SurpriseMe" */ = {
			isa = XCConfigurationList;
			buildConfigurations = (
				200979D61D67E100001C20DF /* Debug */,
				200979D71D67E100001C20DF /* Release */,
			);
			defaultConfigurationIsVisible = 0;
			defaultConfigurationName = Release;
		};
		200979D81D67E100001C20DF /* Build configuration list for PBXNativeTarget "SurpriseMe" */ = {
			isa = XCConfigurationList;
			buildConfigurations = (
				200979D91D67E100001C20DF /* Debug */,
				200979DA1D67E100001C20DF /* Release */,
			);
			defaultConfigurationIsVisible = 0;
			defaultConfigurationName = Release;
		};
/* End XCConfigurationList section */
	};
	rootObject = 200979BE1D67E100001C20DF /* Project object */;
}
